// !$*UTF8*$!
{
	archiveVersion = 1;
	classes = {
	};
	objectVersion = 46;
	objects = {

/* Begin PBXBuildFile section */
		1B2007FF1DF4ACA9007F2E62 /* AppDelegate.swift in Sources */ = {isa = PBXBuildFile; fileRef = 1B2007FE1DF4ACA9007F2E62 /* AppDelegate.swift */; };
		1B2008011DF4ACA9007F2E62 /* ViewController.swift in Sources */ = {isa = PBXBuildFile; fileRef = 1B2008001DF4ACA9007F2E62 /* ViewController.swift */; };
		1B2008041DF4ACA9007F2E62 /* Main.storyboard in Resources */ = {isa = PBXBuildFile; fileRef = 1B2008021DF4ACA9007F2E62 /* Main.storyboard */; };
		1B2008061DF4ACA9007F2E62 /* Assets.xcassets in Resources */ = {isa = PBXBuildFile; fileRef = 1B2008051DF4ACA9007F2E62 /* Assets.xcassets */; };
		1B2008091DF4ACA9007F2E62 /* LaunchScreen.storyboard in Resources */ = {isa = PBXBuildFile; fileRef = 1B2008071DF4ACA9007F2E62 /* LaunchScreen.storyboard */; };
		1B2008141DF4ACA9007F2E62 /* Door_UnlockerTests.swift in Sources */ = {isa = PBXBuildFile; fileRef = 1B2008131DF4ACA9007F2E62 /* Door_UnlockerTests.swift */; };
		1B20081F1DF4ACA9007F2E62 /* Door_UnlockerUITests.swift in Sources */ = {isa = PBXBuildFile; fileRef = 1B20081E1DF4ACA9007F2E62 /* Door_UnlockerUITests.swift */; };
		1B2008351DF501D3007F2E62 /* ViewController2.swift in Sources */ = {isa = PBXBuildFile; fileRef = 1B2008341DF501D3007F2E62 /* ViewController2.swift */; };
		1B2008371DF50BE9007F2E62 /* ViewController3.swift in Sources */ = {isa = PBXBuildFile; fileRef = 1B2008361DF50BE9007F2E62 /* ViewController3.swift */; };
		1B20083A1DF50D1A007F2E62 /* MessageUI.framework in Frameworks */ = {isa = PBXBuildFile; fileRef = 1B2008391DF50D1A007F2E62 /* MessageUI.framework */; };
		1B20083C1DF50DCD007F2E62 /* OneTimeViewController.swift in Sources */ = {isa = PBXBuildFile; fileRef = 1B20083B1DF50DCD007F2E62 /* OneTimeViewController.swift */; };
		1BDAFABB1E07DEDC00B646F2 /* Launch.png in Resources */ = {isa = PBXBuildFile; fileRef = 1BDAFABA1E07DEDC00B646F2 /* Launch.png */; };
/* End PBXBuildFile section */

/* Begin PBXContainerItemProxy section */
		1B2008101DF4ACA9007F2E62 /* PBXContainerItemProxy */ = {
			isa = PBXContainerItemProxy;
			containerPortal = 1B2007F31DF4ACA9007F2E62 /* Project object */;
			proxyType = 1;
			remoteGlobalIDString = 1B2007FA1DF4ACA9007F2E62;
			remoteInfo = "Door Unlocker";
		};
		1B20081B1DF4ACA9007F2E62 /* PBXContainerItemProxy */ = {
			isa = PBXContainerItemProxy;
			containerPortal = 1B2007F31DF4ACA9007F2E62 /* Project object */;
			proxyType = 1;
			remoteGlobalIDString = 1B2007FA1DF4ACA9007F2E62;
			remoteInfo = "Door Unlocker";
		};
/* End PBXContainerItemProxy section */

/* Begin PBXFileReference section */
		1B2007FB1DF4ACA9007F2E62 /* Door Unlocker.app */ = {isa = PBXFileReference; explicitFileType = wrapper.application; includeInIndex = 0; path = "Door Unlocker.app"; sourceTree = BUILT_PRODUCTS_DIR; };
		1B2007FE1DF4ACA9007F2E62 /* AppDelegate.swift */ = {isa = PBXFileReference; lastKnownFileType = sourcecode.swift; path = AppDelegate.swift; sourceTree = "<group>"; };
		1B2008001DF4ACA9007F2E62 /* ViewController.swift */ = {isa = PBXFileReference; lastKnownFileType = sourcecode.swift; path = ViewController.swift; sourceTree = "<group>"; };
		1B2008031DF4ACA9007F2E62 /* Base */ = {isa = PBXFileReference; lastKnownFileType = file.storyboard; name = Base; path = Base.lproj/Main.storyboard; sourceTree = "<group>"; };
		1B2008051DF4ACA9007F2E62 /* Assets.xcassets */ = {isa = PBXFileReference; lastKnownFileType = folder.assetcatalog; path = Assets.xcassets; sourceTree = "<group>"; };
		1B2008081DF4ACA9007F2E62 /* Base */ = {isa = PBXFileReference; lastKnownFileType = file.storyboard; name = Base; path = Base.lproj/LaunchScreen.storyboard; sourceTree = "<group>"; };
		1B20080A1DF4ACA9007F2E62 /* Info.plist */ = {isa = PBXFileReference; lastKnownFileType = text.plist.xml; path = Info.plist; sourceTree = "<group>"; };
		1B20080F1DF4ACA9007F2E62 /* Door UnlockerTests.xctest */ = {isa = PBXFileReference; explicitFileType = wrapper.cfbundle; includeInIndex = 0; path = "Door UnlockerTests.xctest"; sourceTree = BUILT_PRODUCTS_DIR; };
		1B2008131DF4ACA9007F2E62 /* Door_UnlockerTests.swift */ = {isa = PBXFileReference; lastKnownFileType = sourcecode.swift; path = Door_UnlockerTests.swift; sourceTree = "<group>"; };
		1B2008151DF4ACA9007F2E62 /* Info.plist */ = {isa = PBXFileReference; lastKnownFileType = text.plist.xml; path = Info.plist; sourceTree = "<group>"; };
		1B20081A1DF4ACA9007F2E62 /* Door UnlockerUITests.xctest */ = {isa = PBXFileReference; explicitFileType = wrapper.cfbundle; includeInIndex = 0; path = "Door UnlockerUITests.xctest"; sourceTree = BUILT_PRODUCTS_DIR; };
		1B20081E1DF4ACA9007F2E62 /* Door_UnlockerUITests.swift */ = {isa = PBXFileReference; lastKnownFileType = sourcecode.swift; path = Door_UnlockerUITests.swift; sourceTree = "<group>"; };
		1B2008201DF4ACA9007F2E62 /* Info.plist */ = {isa = PBXFileReference; lastKnownFileType = text.plist.xml; path = Info.plist; sourceTree = "<group>"; };
		1B2008341DF501D3007F2E62 /* ViewController2.swift */ = {isa = PBXFileReference; fileEncoding = 4; lastKnownFileType = sourcecode.swift; path = ViewController2.swift; sourceTree = "<group>"; };
		1B2008361DF50BE9007F2E62 /* ViewController3.swift */ = {isa = PBXFileReference; fileEncoding = 4; lastKnownFileType = sourcecode.swift; path = ViewController3.swift; sourceTree = "<group>"; };
		1B2008391DF50D1A007F2E62 /* MessageUI.framework */ = {isa = PBXFileReference; lastKnownFileType = wrapper.framework; name = MessageUI.framework; path = System/Library/Frameworks/MessageUI.framework; sourceTree = SDKROOT; };
		1B20083B1DF50DCD007F2E62 /* OneTimeViewController.swift */ = {isa = PBXFileReference; fileEncoding = 4; lastKnownFileType = sourcecode.swift; path = OneTimeViewController.swift; sourceTree = "<group>"; };
		1BDAFABA1E07DEDC00B646F2 /* Launch.png */ = {isa = PBXFileReference; lastKnownFileType = image.png; path = Launch.png; sourceTree = "<group>"; };
/* End PBXFileReference section */

/* Begin PBXFrameworksBuildPhase section */
		1B2007F81DF4ACA9007F2E62 /* Frameworks */ = {
			isa = PBXFrameworksBuildPhase;
			buildActionMask = 2147483647;
			files = (
				1B20083A1DF50D1A007F2E62 /* MessageUI.framework in Frameworks */,
			);
			runOnlyForDeploymentPostprocessing = 0;
		};
		1B20080C1DF4ACA9007F2E62 /* Frameworks */ = {
			isa = PBXFrameworksBuildPhase;
			buildActionMask = 2147483647;
			files = (
			);
			runOnlyForDeploymentPostprocessing = 0;
		};
		1B2008171DF4ACA9007F2E62 /* Frameworks */ = {
			isa = PBXFrameworksBuildPhase;
			buildActionMask = 2147483647;
			files = (
			);
			runOnlyForDeploymentPostprocessing = 0;
		};
/* End PBXFrameworksBuildPhase section */

/* Begin PBXGroup section */
		1B2007F21DF4ACA9007F2E62 = {
			isa = PBXGroup;
			children = (
				1B2007FD1DF4ACA9007F2E62 /* Door Unlocker */,
				1B2008121DF4ACA9007F2E62 /* Door UnlockerTests */,
				1B20081D1DF4ACA9007F2E62 /* Door UnlockerUITests */,
				1B2007FC1DF4ACA9007F2E62 /* Products */,
				1B2008381DF50D19007F2E62 /* Frameworks */,
			);
			sourceTree = "<group>";
		};
		1B2007FC1DF4ACA9007F2E62 /* Products */ = {
			isa = PBXGroup;
			children = (
				1B2007FB1DF4ACA9007F2E62 /* Door Unlocker.app */,
				1B20080F1DF4ACA9007F2E62 /* Door UnlockerTests.xctest */,
				1B20081A1DF4ACA9007F2E62 /* Door UnlockerUITests.xctest */,
			);
			name = Products;
			sourceTree = "<group>";
		};
		1B2007FD1DF4ACA9007F2E62 /* Door Unlocker */ = {
			isa = PBXGroup;
			children = (
				1BDAFABA1E07DEDC00B646F2 /* Launch.png */,
				1B2007FE1DF4ACA9007F2E62 /* AppDelegate.swift */,
				1B2008001DF4ACA9007F2E62 /* ViewController.swift */,
				1B2008021DF4ACA9007F2E62 /* Main.storyboard */,
				1B2008051DF4ACA9007F2E62 /* Assets.xcassets */,
				1B2008071DF4ACA9007F2E62 /* LaunchScreen.storyboard */,
				1B20080A1DF4ACA9007F2E62 /* Info.plist */,
				1B2008341DF501D3007F2E62 /* ViewController2.swift */,
				1B2008361DF50BE9007F2E62 /* ViewController3.swift */,
				1B20083B1DF50DCD007F2E62 /* OneTimeViewController.swift */,
			);
			path = "Door Unlocker";
			sourceTree = "<group>";
		};
		1B2008121DF4ACA9007F2E62 /* Door UnlockerTests */ = {
			isa = PBXGroup;
			children = (
				1B2008131DF4ACA9007F2E62 /* Door_UnlockerTests.swift */,
				1B2008151DF4ACA9007F2E62 /* Info.plist */,
			);
			path = "Door UnlockerTests";
			sourceTree = "<group>";
		};
		1B20081D1DF4ACA9007F2E62 /* Door UnlockerUITests */ = {
			isa = PBXGroup;
			children = (
				1B20081E1DF4ACA9007F2E62 /* Door_UnlockerUITests.swift */,
				1B2008201DF4ACA9007F2E62 /* Info.plist */,
			);
			path = "Door UnlockerUITests";
			sourceTree = "<group>";
		};
		1B2008381DF50D19007F2E62 /* Frameworks */ = {
			isa = PBXGroup;
			children = (
				1B2008391DF50D1A007F2E62 /* MessageUI.framework */,
			);
			name = Frameworks;
			sourceTree = "<group>";
		};
/* End PBXGroup section */

/* Begin PBXNativeTarget section */
		1B2007FA1DF4ACA9007F2E62 /* Door Unlocker */ = {
			isa = PBXNativeTarget;
			buildConfigurationList = 1B2008231DF4ACA9007F2E62 /* Build configuration list for PBXNativeTarget "Door Unlocker" */;
			buildPhases = (
				1B2007F71DF4ACA9007F2E62 /* Sources */,
				1B2007F81DF4ACA9007F2E62 /* Frameworks */,
				1B2007F91DF4ACA9007F2E62 /* Resources */,
			);
			buildRules = (
			);
			dependencies = (
			);
			name = "Door Unlocker";
			productName = "Door Unlocker";
			productReference = 1B2007FB1DF4ACA9007F2E62 /* Door Unlocker.app */;
			productType = "com.apple.product-type.application";
		};
		1B20080E1DF4ACA9007F2E62 /* Door UnlockerTests */ = {
			isa = PBXNativeTarget;
			buildConfigurationList = 1B2008261DF4ACA9007F2E62 /* Build configuration list for PBXNativeTarget "Door UnlockerTests" */;
			buildPhases = (
				1B20080B1DF4ACA9007F2E62 /* Sources */,
				1B20080C1DF4ACA9007F2E62 /* Frameworks */,
				1B20080D1DF4ACA9007F2E62 /* Resources */,
			);
			buildRules = (
			);
			dependencies = (
				1B2008111DF4ACA9007F2E62 /* PBXTargetDependency */,
			);
			name = "Door UnlockerTests";
			productName = "Door UnlockerTests";
			productReference = 1B20080F1DF4ACA9007F2E62 /* Door UnlockerTests.xctest */;
			productType = "com.apple.product-type.bundle.unit-test";
		};
		1B2008191DF4ACA9007F2E62 /* Door UnlockerUITests */ = {
			isa = PBXNativeTarget;
			buildConfigurationList = 1B2008291DF4ACA9007F2E62 /* Build configuration list for PBXNativeTarget "Door UnlockerUITests" */;
			buildPhases = (
				1B2008161DF4ACA9007F2E62 /* Sources */,
				1B2008171DF4ACA9007F2E62 /* Frameworks */,
				1B2008181DF4ACA9007F2E62 /* Resources */,
			);
			buildRules = (
			);
			dependencies = (
				1B20081C1DF4ACA9007F2E62 /* PBXTargetDependency */,
			);
			name = "Door UnlockerUITests";
			productName = "Door UnlockerUITests";
			productReference = 1B20081A1DF4ACA9007F2E62 /* Door UnlockerUITests.xctest */;
			productType = "com.apple.product-type.bundle.ui-testing";
		};
/* End PBXNativeTarget section */

/* Begin PBXProject section */
		1B2007F31DF4ACA9007F2E62 /* Project object */ = {
			isa = PBXProject;
			attributes = {
				LastSwiftUpdateCheck = 0810;
				LastUpgradeCheck = 0820;
				ORGANIZATIONNAME = "Eduard Schlotter";
				TargetAttributes = {
					1B2007FA1DF4ACA9007F2E62 = {
						CreatedOnToolsVersion = 8.1;
						DevelopmentTeam = 5P8T4HC496;
						ProvisioningStyle = Automatic;
					};
					1B20080E1DF4ACA9007F2E62 = {
						CreatedOnToolsVersion = 8.1;
						ProvisioningStyle = Automatic;
						TestTargetID = 1B2007FA1DF4ACA9007F2E62;
					};
					1B2008191DF4ACA9007F2E62 = {
						CreatedOnToolsVersion = 8.1;
						ProvisioningStyle = Automatic;
						TestTargetID = 1B2007FA1DF4ACA9007F2E62;
					};
				};
			};
			buildConfigurationList = 1B2007F61DF4ACA9007F2E62 /* Build configuration list for PBXProject "Door Unlocker" */;
			compatibilityVersion = "Xcode 3.2";
			developmentRegion = English;
			hasScannedForEncodings = 0;
			knownRegions = (
				en,
				Base,
			);
			mainGroup = 1B2007F21DF4ACA9007F2E62;
			productRefGroup = 1B2007FC1DF4ACA9007F2E62 /* Products */;
			projectDirPath = "";
			projectRoot = "";
			targets = (
				1B2007FA1DF4ACA9007F2E62 /* Door Unlocker */,
				1B20080E1DF4ACA9007F2E62 /* Door UnlockerTests */,
				1B2008191DF4ACA9007F2E62 /* Door UnlockerUITests */,
			);
		};
/* End PBXProject section */

/* Begin PBXResourcesBuildPhase section */
		1B2007F91DF4ACA9007F2E62 /* Resources */ = {
			isa = PBXResourcesBuildPhase;
			buildActionMask = 2147483647;
			files = (
				1BDAFABB1E07DEDC00B646F2 /* Launch.png in Resources */,
				1B2008091DF4ACA9007F2E62 /* LaunchScreen.storyboard in Resources */,
				1B2008061DF4ACA9007F2E62 /* Assets.xcassets in Resources */,
				1B2008041DF4ACA9007F2E62 /* Main.storyboard in Resources */,
			);
			runOnlyForDeploymentPostprocessing = 0;
		};
		1B20080D1DF4ACA9007F2E62 /* Resources */ = {
			isa = PBXResourcesBuildPhase;
			buildActionMask = 2147483647;
			files = (
			);
			runOnlyForDeploymentPostprocessing = 0;
		};
		1B2008181DF4ACA9007F2E62 /* Resources */ = {
			isa = PBXResourcesBuildPhase;
			buildActionMask = 2147483647;
			files = (
			);
			runOnlyForDeploymentPostprocessing = 0;
		};
/* End PBXResourcesBuildPhase section */

/* Begin PBXSourcesBuildPhase section */
		1B2007F71DF4ACA9007F2E62 /* Sources */ = {
			isa = PBXSourcesBuildPhase;
			buildActionMask = 2147483647;
			files = (
				1B20083C1DF50DCD007F2E62 /* OneTimeViewController.swift in Sources */,
				1B2008011DF4ACA9007F2E62 /* ViewController.swift in Sources */,
				1B2007FF1DF4ACA9007F2E62 /* AppDelegate.swift in Sources */,
				1B2008371DF50BE9007F2E62 /* ViewController3.swift in Sources */,
				1B2008351DF501D3007F2E62 /* ViewController2.swift in Sources */,
			);
			runOnlyForDeploymentPostprocessing = 0;
		};
		1B20080B1DF4ACA9007F2E62 /* Sources */ = {
			isa = PBXSourcesBuildPhase;
			buildActionMask = 2147483647;
			files = (
				1B2008141DF4ACA9007F2E62 /* Door_UnlockerTests.swift in Sources */,
			);
			runOnlyForDeploymentPostprocessing = 0;
		};
		1B2008161DF4ACA9007F2E62 /* Sources */ = {
			isa = PBXSourcesBuildPhase;
			buildActionMask = 2147483647;
			files = (
				1B20081F1DF4ACA9007F2E62 /* Door_UnlockerUITests.swift in Sources */,
			);
			runOnlyForDeploymentPostprocessing = 0;
		};
/* End PBXSourcesBuildPhase section */

/* Begin PBXTargetDependency section */
		1B2008111DF4ACA9007F2E62 /* PBXTargetDependency */ = {
			isa = PBXTargetDependency;
			target = 1B2007FA1DF4ACA9007F2E62 /* Door Unlocker */;
			targetProxy = 1B2008101DF4ACA9007F2E62 /* PBXContainerItemProxy */;
		};
		1B20081C1DF4ACA9007F2E62 /* PBXTargetDependency */ = {
			isa = PBXTargetDependency;
			target = 1B2007FA1DF4ACA9007F2E62 /* Door Unlocker */;
			targetProxy = 1B20081B1DF4ACA9007F2E62 /* PBXContainerItemProxy */;
		};
/* End PBXTargetDependency section */

/* Begin PBXVariantGroup section */
		1B2008021DF4ACA9007F2E62 /* Main.storyboard */ = {
			isa = PBXVariantGroup;
			children = (
				1B2008031DF4ACA9007F2E62 /* Base */,
			);
			name = Main.storyboard;
			sourceTree = "<group>";
		};
		1B2008071DF4ACA9007F2E62 /* LaunchScreen.storyboard */ = {
			isa = PBXVariantGroup;
			children = (
				1B2008081DF4ACA9007F2E62 /* Base */,
			);
			name = LaunchScreen.storyboard;
			sourceTree = "<group>";
		};
/* End PBXVariantGroup section */

/* Begin XCBuildConfiguration section */
		1B2008211DF4ACA9007F2E62 /* Debug */ = {
			isa = XCBuildConfiguration;
			buildSettings = {
				ALWAYS_SEARCH_USER_PATHS = NO;
				CLANG_ANALYZER_NONNULL = YES;
				CLANG_CXX_LANGUAGE_STANDARD = "gnu++0x";
				CLANG_CXX_LIBRARY = "libc++";
				CLANG_ENABLE_MODULES = YES;
				CLANG_ENABLE_OBJC_ARC = YES;
				CLANG_WARN_BOOL_CONVERSION = YES;
				CLANG_WARN_CONSTANT_CONVERSION = YES;
				CLANG_WARN_DIRECT_OBJC_ISA_USAGE = YES_ERROR;
				CLANG_WARN_DOCUMENTATION_COMMENTS = YES;
				CLANG_WARN_EMPTY_BODY = YES;
				CLANG_WARN_ENUM_CONVERSION = YES;
				CLANG_WARN_INFINITE_RECURSION = YES;
				CLANG_WARN_INT_CONVERSION = YES;
				CLANG_WARN_OBJC_ROOT_CLASS = YES_ERROR;
				CLANG_WARN_SUSPICIOUS_MOVE = YES;
				CLANG_WARN_SUSPICIOUS_MOVES = YES;
				CLANG_WARN_UNREACHABLE_CODE = YES;
				CLANG_WARN__DUPLICATE_METHOD_MATCH = YES;
				"CODE_SIGN_IDENTITY[sdk=iphoneos*]" = "iPhone Developer";
				COPY_PHASE_STRIP = NO;
				DEBUG_INFORMATION_FORMAT = dwarf;
				ENABLE_STRICT_OBJC_MSGSEND = YES;
				ENABLE_TESTABILITY = YES;
				GCC_C_LANGUAGE_STANDARD = gnu99;
				GCC_DYNAMIC_NO_PIC = NO;
				GCC_NO_COMMON_BLOCKS = YES;
				GCC_OPTIMIZATION_LEVEL = 0;
				GCC_PREPROCESSOR_DEFINITIONS = (
					"DEBUG=1",
					"$(inherited)",
				);
				GCC_WARN_64_TO_32_BIT_CONVERSION = YES;
				GCC_WARN_ABOUT_RETURN_TYPE = YES_ERROR;
				GCC_WARN_UNDECLARED_SELECTOR = YES;
				GCC_WARN_UNINITIALIZED_AUTOS = YES_AGGRESSIVE;
				GCC_WARN_UNUSED_FUNCTION = YES;
				GCC_WARN_UNUSED_VARIABLE = YES;
				IPHONEOS_DEPLOYMENT_TARGET = 10.1;
				MTL_ENABLE_DEBUG_INFO = YES;
				ONLY_ACTIVE_ARCH = YES;
				SDKROOT = iphoneos;
				SWIFT_ACTIVE_COMPILATION_CONDITIONS = DEBUG;
				SWIFT_OPTIMIZATION_LEVEL = "-Onone";
				TARGETED_DEVICE_FAMILY = "1,2";
			};
			name = Debug;
		};
		1B2008221DF4ACA9007F2E62 /* Release */ = {
			isa = XCBuildConfiguration;
			buildSettings = {
				ALWAYS_SEARCH_USER_PATHS = NO;
				CLANG_ANALYZER_NONNULL = YES;
				CLANG_CXX_LANGUAGE_STANDARD = "gnu++0x";
				CLANG_CXX_LIBRARY = "libc++";
				CLANG_ENABLE_MODULES = YES;
				CLANG_ENABLE_OBJC_ARC = YES;
				CLANG_WARN_BOOL_CONVERSION = YES;
				CLANG_WARN_CONSTANT_CONVERSION = YES;
				CLANG_WARN_DIRECT_OBJC_ISA_USAGE = YES_ERROR;
				CLANG_WARN_DOCUMENTATION_COMMENTS = YES;
				CLANG_WARN_EMPTY_BODY = YES;
				CLANG_WARN_ENUM_CONVERSION = YES;
				CLANG_WARN_INFINITE_RECURSION = YES;
				CLANG_WARN_INT_CONVERSION = YES;
				CLANG_WARN_OBJC_ROOT_CLASS = YES_ERROR;
				CLANG_WARN_SUSPICIOUS_MOVE = YES;
				CLANG_WARN_SUSPICIOUS_MOVES = YES;
				CLANG_WARN_UNREACHABLE_CODE = YES;
				CLANG_WARN__DUPLICATE_METHOD_MATCH = YES;
				"CODE_SIGN_IDENTITY[sdk=iphoneos*]" = "iPhone Developer";
				COPY_PHASE_STRIP = NO;
				DEBUG_INFORMATION_FORMAT = "dwarf-with-dsym";
				ENABLE_NS_ASSERTIONS = NO;
				ENABLE_STRICT_OBJC_MSGSEND = YES;
				GCC_C_LANGUAGE_STANDARD = gnu99;
				GCC_NO_COMMON_BLOCKS = YES;
				GCC_WARN_64_TO_32_BIT_CONVERSION = YES;
				GCC_WARN_ABOUT_RETURN_TYPE = YES_ERROR;
				GCC_WARN_UNDECLARED_SELECTOR = YES;
				GCC_WARN_UNINITIALIZED_AUTOS = YES_AGGRESSIVE;
				GCC_WARN_UNUSED_FUNCTION = YES;
				GCC_WARN_UNUSED_VARIABLE = YES;
				IPHONEOS_DEPLOYMENT_TARGET = 10.1;
				MTL_ENABLE_DEBUG_INFO = NO;
				SDKROOT = iphoneos;
				SWIFT_OPTIMIZATION_LEVEL = "-Owholemodule";
				TARGETED_DEVICE_FAMILY = "1,2";
				VALIDATE_PRODUCT = YES;
			};
			name = Release;
		};
		1B2008241DF4ACA9007F2E62 /* Debug */ = {
			isa = XCBuildConfiguration;
			buildSettings = {
				ASSETCATALOG_COMPILER_APPICON_NAME = AppIcon;
				DEVELOPMENT_TEAM = 5P8T4HC496;
				INFOPLIST_FILE = "Door Unlocker/Info.plist";
				LD_RUNPATH_SEARCH_PATHS = "$(inherited) @executable_path/Frameworks";
				PRODUCT_BUNDLE_IDENTIFIER = "ES.Door-Unlocker";
				PRODUCT_NAME = "$(TARGET_NAME)";
				SWIFT_VERSION = 3.0;
			};
			name = Debug;
		};
		1B2008251DF4ACA9007F2E62 /* Release */ = {
			isa = XCBuildConfiguration;
			buildSettings = {
				ASSETCATALOG_COMPILER_APPICON_NAME = AppIcon;
				DEVELOPMENT_TEAM = 5P8T4HC496;
				INFOPLIST_FILE = "Door Unlocker/Info.plist";
				LD_RUNPATH_SEARCH_PATHS = "$(inherited) @executable_path/Frameworks";
				PRODUCT_BUNDLE_IDENTIFIER = "ES.Door-Unlocker";
				PRODUCT_NAME = "$(TARGET_NAME)";
				SWIFT_VERSION = 3.0;
			};
			name = Release;
		};
		1B2008271DF4ACA9007F2E62 /* Debug */ = {
			isa = XCBuildConfiguration;
			buildSettings = {
				ALWAYS_EMBED_SWIFT_STANDARD_LIBRARIES = YES;
				BUNDLE_LOADER = "$(TEST_HOST)";
				INFOPLIST_FILE = "Door UnlockerTests/Info.plist";
				LD_RUNPATH_SEARCH_PATHS = "$(inherited) @executable_path/Frameworks @loader_path/Frameworks";
				PRODUCT_BUNDLE_IDENTIFIER = "ES.Door-UnlockerTests";
				PRODUCT_NAME = "$(TARGET_NAME)";
				SWIFT_VERSION = 3.0;
				TEST_HOST = "$(BUILT_PRODUCTS_DIR)/Door Unlocker.app/Door Unlocker";
			};
			name = Debug;
		};
		1B2008281DF4ACA9007F2E62 /* Release */ = {
			isa = XCBuildConfiguration;
			buildSettings = {
				ALWAYS_EMBED_SWIFT_STANDARD_LIBRARIES = YES;
				BUNDLE_LOADER = "$(TEST_HOST)";
				INFOPLIST_FILE = "Door UnlockerTests/Info.plist";
				LD_RUNPATH_SEARCH_PATHS = "$(inherited) @executable_path/Frameworks @loader_path/Frameworks";
				PRODUCT_BUNDLE_IDENTIFIER = "ES.Door-UnlockerTests";
				PRODUCT_NAME = "$(TARGET_NAME)";
				SWIFT_VERSION = 3.0;
				TEST_HOST = "$(BUILT_PRODUCTS_DIR)/Door Unlocker.app/Door Unlocker";
			};
			name = Release;
		};
		1B20082A1DF4ACA9007F2E62 /* Debug */ = {
			isa = XCBuildConfiguration;
			buildSettings = {
				ALWAYS_EMBED_SWIFT_STANDARD_LIBRARIES = YES;
				INFOPLIST_FILE = "Door UnlockerUITests/Info.plist";
				LD_RUNPATH_SEARCH_PATHS = "$(inherited) @executable_path/Frameworks @loader_path/Frameworks";
				PRODUCT_BUNDLE_IDENTIFIER = "ES.Door-UnlockerUITests";
				PRODUCT_NAME = "$(TARGET_NAME)";
				SWIFT_VERSION = 3.0;
				TEST_TARGET_NAME = "Door Unlocker";
			};
			name = Debug;
		};
		1B20082B1DF4ACA9007F2E62 /* Release */ = {
			isa = XCBuildConfiguration;
			buildSettings = {
				ALWAYS_EMBED_SWIFT_STANDARD_LIBRARIES = YES;
				INFOPLIST_FILE = "Door UnlockerUITests/Info.plist";
				LD_RUNPATH_SEARCH_PATHS = "$(inherited) @executable_path/Frameworks @loader_path/Frameworks";
				PRODUCT_BUNDLE_IDENTIFIER = "ES.Door-UnlockerUITests";
				PRODUCT_NAME = "$(TARGET_NAME)";
				SWIFT_VERSION = 3.0;
				TEST_TARGET_NAME = "Door Unlocker";
			};
			name = Release;
		};
/* End XCBuildConfiguration section */

/* Begin XCConfigurationList section */
		1B2007F61DF4ACA9007F2E62 /* Build configuration list for PBXProject "Door Unlocker" */ = {
			isa = XCConfigurationList;
			buildConfigurations = (
				1B2008211DF4ACA9007F2E62 /* Debug */,
				1B2008221DF4ACA9007F2E62 /* Release */,
			);
			defaultConfigurationIsVisible = 0;
			defaultConfigurationName = Release;
		};
		1B2008231DF4ACA9007F2E62 /* Build configuration list for PBXNativeTarget "Door Unlocker" */ = {
			isa = XCConfigurationList;
			buildConfigurations = (
				1B2008241DF4ACA9007F2E62 /* Debug */,
				1B2008251DF4ACA9007F2E62 /* Release */,
			);
			defaultConfigurationIsVisible = 0;
			defaultConfigurationName = Release;
		};
		1B2008261DF4ACA9007F2E62 /* Build configuration list for PBXNativeTarget "Door UnlockerTests" */ = {
			isa = XCConfigurationList;
			buildConfigurations = (
				1B2008271DF4ACA9007F2E62 /* Debug */,
				1B2008281DF4ACA9007F2E62 /* Release */,
			);
			defaultConfigurationIsVisible = 0;
			defaultConfigurationName = Release;
		};
		1B2008291DF4ACA9007F2E62 /* Build configuration list for PBXNativeTarget "Door UnlockerUITests" */ = {
			isa = XCConfigurationList;
			buildConfigurations = (
				1B20082A1DF4ACA9007F2E62 /* Debug */,
				1B20082B1DF4ACA9007F2E62 /* Release */,
			);
			defaultConfigurationIsVisible = 0;
			defaultConfigurationName = Release;
		};
/* End XCConfigurationList section */
	};
	rootObject = 1B2007F31DF4ACA9007F2E62 /* Project object */;
}
